
Microsoft Visual Studio Solution File, Format Version 12.00
# Visual Studio 15
VisualStudioVersion = 15.0.27703.2042
MinimumVisualStudioVersion = 10.0.40219.1
Project("{FAE04EC0-301F-11D3-BF4B-00C04F79EFBC}") = "TestovoyeZadanie", "TestovoyeZadanie\TestovoyeZadanie.csproj", "{7ED30741-0E7A-4DA7-A022-C85331C3471B}"
EndProject
Global
	GlobalSection(SolutionConfigurationPlatforms) = preSolution
		Debug|Any CPU = Debug|Any CPU
		Release|Any CPU = Release|Any CPU
	EndGlobalSection
	GlobalSection(ProjectConfigurationPlatforms) = postSolution
		{7ED30741-0E7A-4DA7-A022-C85331C3471B}.Debug|Any CPU.ActiveCfg = Debug|Any CPU
		{7ED30741-0E7A-4DA7-A022-C85331C3471B}.Debug|Any CPU.Build.0 = Debug|Any CPU
		{7ED30741-0E7A-4DA7-A022-C85331C3471B}.Release|Any CPU.ActiveCfg = Release|Any CPU
		{7ED30741-0E7A-4DA7-A022-C85331C3471B}.Release|Any CPU.Build.0 = Release|Any CPU
	EndGlobalSection
	GlobalSection(SolutionProperties) = preSolution
		HideSolutionNode = FALSE
	EndGlobalSection
	GlobalSection(ExtensibilityGlobals) = postSolution
		SolutionGuid = {F3E3966D-53C4-4D0F-A26B-C5F875F7A94C}
	EndGlobalSection
EndGlobal
